
Microsoft Visual Studio Solution File, Format Version 11.00
# Visual Studio 2010
Project("{FAE04EC0-301F-11D3-BF4B-00C04F79EFBC}") = "SignalR.Ninject", "SignalR.Ninject\SignalR.Ninject.csproj", "{0E1E9481-B7AA-4F1B-B863-43A39F4902BB}"
EndProject
Global
	GlobalSection(SolutionConfigurationPlatforms) = preSolution
		Debug|Any CPU = Debug|Any CPU
		Release|Any CPU = Release|Any CPU
	EndGlobalSection
	GlobalSection(ProjectConfigurationPlatforms) = postSolution
		{0E1E9481-B7AA-4F1B-B863-43A39F4902BB}.Debug|Any CPU.ActiveCfg = Debug|Any CPU
		{0E1E9481-B7AA-4F1B-B863-43A39F4902BB}.Debug|Any CPU.Build.0 = Debug|Any CPU
		{0E1E9481-B7AA-4F1B-B863-43A39F4902BB}.Release|Any CPU.ActiveCfg = Release|Any CPU
		{0E1E9481-B7AA-4F1B-B863-43A39F4902BB}.Release|Any CPU.Build.0 = Release|Any CPU
	EndGlobalSection
	GlobalSection(SolutionProperties) = preSolution
		HideSolutionNode = FALSE
	EndGlobalSection
EndGlobal
